
Microsoft Visual Studio Solution File, Format Version 12.00
# Visual Studio Version 17
VisualStudioVersion = 17.5.33414.496
MinimumVisualStudioVersion = 10.0.40219.1
Project("{FAE04EC0-301F-11D3-BF4B-00C04F79EFBC}") = "FecSubmitter", "FecSubmitter.csproj", "{01088F17-99B3-46B6-916F-06AD642C5009}"
EndProject
Global
	GlobalSection(SolutionConfigurationPlatforms) = preSolution
		Debug|Any CPU = Debug|Any CPU
		Release|Any CPU = Release|Any CPU
	EndGlobalSection
	GlobalSection(ProjectConfigurationPlatforms) = postSolution
		{01088F17-99B3-46B6-916F-06AD642C5009}.Debug|Any CPU.ActiveCfg = Debug|Any CPU
		{01088F17-99B3-46B6-916F-06AD642C5009}.Debug|Any CPU.Build.0 = Debug|Any CPU
		{01088F17-99B3-46B6-916F-06AD642C5009}.Release|Any CPU.ActiveCfg = Release|Any CPU
		{01088F17-99B3-46B6-916F-06AD642C5009}.Release|Any CPU.Build.0 = Release|Any CPU
	EndGlobalSection
	GlobalSection(SolutionProperties) = preSolution
		HideSolutionNode = FALSE
	EndGlobalSection
	GlobalSection(ExtensibilityGlobals) = postSolution
		SolutionGuid = {654A1532-D8DE-4945-A745-95BA268CE2E4}
	EndGlobalSection
EndGlobal
